// !$*UTF8*$!
{
	archiveVersion = 1;
	classes = {
	};
	objectVersion = 46;
	objects = {

/* Begin PBXBuildFile section */
		22495AEA1F30605100E77FF8 /* LoginOutViewController.m in Sources */ = {isa = PBXBuildFile; fileRef = 22495AE81F30605100E77FF8 /* LoginOutViewController.m */; };
		22495AEB1F30605100E77FF8 /* LoginOutViewController.xib in Resources */ = {isa = PBXBuildFile; fileRef = 22495AE91F30605100E77FF8 /* LoginOutViewController.xib */; };
		22495AEE1F30658600E77FF8 /* UIDevice+tools.m in Sources */ = {isa = PBXBuildFile; fileRef = 22495AED1F30658600E77FF8 /* UIDevice+tools.m */; };
		4F38A4F31F3DA57300001F46 /* GMSystemAuthorizationTool.m in Sources */ = {isa = PBXBuildFile; fileRef = 4F38A4D11F3DA57300001F46 /* GMSystemAuthorizationTool.m */; };
		4F38A4F41F3DA57300001F46 /* LocationTools.m in Sources */ = {isa = PBXBuildFile; fileRef = 4F38A4D31F3DA57300001F46 /* LocationTools.m */; };
		4F38A4F51F3DA57300001F46 /* SXAddressBookDefine.m in Sources */ = {isa = PBXBuildFile; fileRef = 4F38A4D71F3DA57300001F46 /* SXAddressBookDefine.m */; };
		4F38A4F61F3DA57300001F46 /* SXAddressBookIOS7Maneger.m in Sources */ = {isa = PBXBuildFile; fileRef = 4F38A4D91F3DA57300001F46 /* SXAddressBookIOS7Maneger.m */; };
		4F38A4F71F3DA57300001F46 /* SXAddressBookIOS8Maneger.m in Sources */ = {isa = PBXBuildFile; fileRef = 4F38A4DB1F3DA57300001F46 /* SXAddressBookIOS8Maneger.m */; };
		4F38A4F81F3DA57300001F46 /* SXAddressBookIOS9Maneger.m in Sources */ = {isa = PBXBuildFile; fileRef = 4F38A4DD1F3DA57300001F46 /* SXAddressBookIOS9Maneger.m */; };
		4F38A4F91F3DA57300001F46 /* SXAddressBookManager.m in Sources */ = {isa = PBXBuildFile; fileRef = 4F38A4DF1F3DA57300001F46 /* SXAddressBookManager.m */; };
		4F38A4FA1F3DA57300001F46 /* SXPersonInfoEntity.m in Sources */ = {isa = PBXBuildFile; fileRef = 4F38A4E11F3DA57300001F46 /* SXPersonInfoEntity.m */; };
		4F38A4FB1F3DA57300001F46 /* TQBJSBridgeHelper.m in Sources */ = {isa = PBXBuildFile; fileRef = 4F38A4E31F3DA57300001F46 /* TQBJSBridgeHelper.m */; };
		4F38A4FC1F3DA57300001F46 /* TQBPreviewController.m in Sources */ = {isa = PBXBuildFile; fileRef = 4F38A4E51F3DA57300001F46 /* TQBPreviewController.m */; };
		4F38A4FD1F3DA57300001F46 /* UIImage+Rotate.m in Sources */ = {isa = PBXBuildFile; fileRef = 4F38A4E71F3DA57300001F46 /* UIImage+Rotate.m */; };
		4F38A4FE1F3DA57300001F46 /* WebViewJavascriptBridge.m in Sources */ = {isa = PBXBuildFile; fileRef = 4F38A4EA1F3DA57300001F46 /* WebViewJavascriptBridge.m */; };
		4F38A4FF1F3DA57300001F46 /* WebViewJavascriptBridge_JS.m in Sources */ = {isa = PBXBuildFile; fileRef = 4F38A4EC1F3DA57300001F46 /* WebViewJavascriptBridge_JS.m */; };
		4F38A5001F3DA57300001F46 /* WebViewJavascriptBridgeBase.m in Sources */ = {isa = PBXBuildFile; fileRef = 4F38A4EE1F3DA57300001F46 /* WebViewJavascriptBridgeBase.m */; };
		4F38A5011F3DA57300001F46 /* WKWebViewJavascriptBridge.m in Sources */ = {isa = PBXBuildFile; fileRef = 4F38A4F01F3DA57300001F46 /* WKWebViewJavascriptBridge.m */; };
		4F38A5051F3DAA4100001F46 /* BaseToWebViewController.m in Sources */ = {isa = PBXBuildFile; fileRef = 4F38A5041F3DAA4100001F46 /* BaseToWebViewController.m */; };
		4F38A5241F3DAADB00001F46 /* LICENSE in Resources */ = {isa = PBXBuildFile; fileRef = 4F38A5071F3DAADB00001F46 /* LICENSE */; };
		4F38A5251F3DAADB00001F46 /* README.md in Sources */ = {isa = PBXBuildFile; fileRef = 4F38A5081F3DAADB00001F46 /* README.md */; };
		4F38A5261F3DAADB00001F46 /* TOWebViewControllerLocalizable.strings in Resources */ = {isa = PBXBuildFile; fileRef = 4F38A50A1F3DAADB00001F46 /* TOWebViewControllerLocalizable.strings */; };
		4F38A5271F3DAADB00001F46 /* NJKWebViewProgress.m in Sources */ = {isa = PBXBuildFile; fileRef = 4F38A5141F3DAADB00001F46 /* NJKWebViewProgress.m */; };
		4F38A5281F3DAADB00001F46 /* NJKWebViewProgressView.m in Sources */ = {isa = PBXBuildFile; fileRef = 4F38A5161F3DAADB00001F46 /* NJKWebViewProgressView.m */; };
		4F38A5291F3DAADB00001F46 /* TOActivityChrome.m in Sources */ = {isa = PBXBuildFile; fileRef = 4F38A51A1F3DAADB00001F46 /* TOActivityChrome.m */; };
		4F38A52A1F3DAADB00001F46 /* TOActivitySafari.m in Sources */ = {isa = PBXBuildFile; fileRef = 4F38A51C1F3DAADB00001F46 /* TOActivitySafari.m */; };
		4F38A52B1F3DAADB00001F46 /* TOWebViewController.m in Sources */ = {isa = PBXBuildFile; fileRef = 4F38A51E1F3DAADB00001F46 /* TOWebViewController.m */; };
		4F38A52C1F3DAADB00001F46 /* UIImage+TOWebViewControllerIcons.m in Sources */ = {isa = PBXBuildFile; fileRef = 4F38A5201F3DAADB00001F46 /* UIImage+TOWebViewControllerIcons.m */; };
		4F38A53F1F3DB75200001F46 /* LICENSE in Resources */ = {isa = PBXBuildFile; fileRef = 4F38A5311F3DB75200001F46 /* LICENSE */; };
		4F38A5401F3DB75200001F46 /* README.md in Sources */ = {isa = PBXBuildFile; fileRef = 4F38A5321F3DB75200001F46 /* README.md */; };
		4F38A5411F3DB75200001F46 /* UIActionSheet+Blocks.m in Sources */ = {isa = PBXBuildFile; fileRef = 4F38A5341F3DB75200001F46 /* UIActionSheet+Blocks.m */; };
		4F38A5421F3DB75200001F46 /* LICENSE in Resources */ = {isa = PBXBuildFile; fileRef = 4F38A5361F3DB75200001F46 /* LICENSE */; };
		4F38A5431F3DB75200001F46 /* README.md in Sources */ = {isa = PBXBuildFile; fileRef = 4F38A5371F3DB75200001F46 /* README.md */; };
		4F38A5441F3DB75200001F46 /* UIAlertController+Blocks.m in Sources */ = {isa = PBXBuildFile; fileRef = 4F38A5391F3DB75200001F46 /* UIAlertController+Blocks.m */; };
		4F38A5451F3DB75200001F46 /* LICENSE in Resources */ = {isa = PBXBuildFile; fileRef = 4F38A53B1F3DB75200001F46 /* LICENSE */; };
		4F38A5461F3DB75200001F46 /* README.md in Sources */ = {isa = PBXBuildFile; fileRef = 4F38A53C1F3DB75200001F46 /* README.md */; };
		4F38A5471F3DB75200001F46 /* UIAlertView+Blocks.m in Sources */ = {isa = PBXBuildFile; fileRef = 4F38A53E1F3DB75200001F46 /* UIAlertView+Blocks.m */; };
		4F38A61C1F3DC12300001F46 /* UIButton+EasyExtend.m in Sources */ = {isa = PBXBuildFile; fileRef = 4F38A61B1F3DC12300001F46 /* UIButton+EasyExtend.m */; };
		4F8F4CA91F21E7770095D2DF /* nav_return@2x.png in Resources */ = {isa = PBXBuildFile; fileRef = 4F8F4CA71F21E7770095D2DF /* nav_return@2x.png */; };
		4F8F4CAA1F21E7770095D2DF /* nav_return@3x.png in Resources */ = {isa = PBXBuildFile; fileRef = 4F8F4CA81F21E7770095D2DF /* nav_return@3x.png */; };
		AA9A06EC1EC3133000C3B5EF /* ChooseComputing.plist in Resources */ = {isa = PBXBuildFile; fileRef = AA9A06E71EC3133000C3B5EF /* ChooseComputing.plist */; };
		AA9A06ED1EC3133000C3B5EF /* SpecificPopulationCell.m in Sources */ = {isa = PBXBuildFile; fileRef = AA9A06E91EC3133000C3B5EF /* SpecificPopulationCell.m */; };
		AA9A06EE1EC3133000C3B5EF /* TestViewController.m in Sources */ = {isa = PBXBuildFile; fileRef = AA9A06EB1EC3133000C3B5EF /* TestViewController.m */; };
		AA9A06F51EC31C8F00C3B5EF /* cashLoan_quota_image@2x.png in Resources */ = {isa = PBXBuildFile; fileRef = AA9A06F31EC31C8F00C3B5EF /* cashLoan_quota_image@2x.png */; };
		AA9A06F61EC31C8F00C3B5EF /* cashLoan_quota_image@3x.png in Resources */ = {isa = PBXBuildFile; fileRef = AA9A06F41EC31C8F00C3B5EF /* cashLoan_quota_image@3x.png */; };
		AA9A06F91EC31DE700C3B5EF /* FirstViewController.m in Sources */ = {isa = PBXBuildFile; fileRef = AA9A06F81EC31DE700C3B5EF /* FirstViewController.m */; };
		AAAB4C9B1EB1CCCE00A6F9C4 /* main.m in Sources */ = {isa = PBXBuildFile; fileRef = AAAB4C9A1EB1CCCE00A6F9C4 /* main.m */; };
		AAAB4C9E1EB1CCCE00A6F9C4 /* AppDelegate.m in Sources */ = {isa = PBXBuildFile; fileRef = AAAB4C9D1EB1CCCE00A6F9C4 /* AppDelegate.m */; };
		AAAB4CA61EB1CCCE00A6F9C4 /* Assets.xcassets in Resources */ = {isa = PBXBuildFile; fileRef = AAAB4CA51EB1CCCE00A6F9C4 /* Assets.xcassets */; };
		AAAB4CB11EB1CE0500A6F9C4 /* Default-568h@2x.png in Resources */ = {isa = PBXBuildFile; fileRef = AAAB4CB01EB1CE0500A6F9C4 /* Default-568h@2x.png */; };
		AAAB4CB41EB1CE6200A6F9C4 /* WebKit.framework in Frameworks */ = {isa = PBXBuildFile; fileRef = AAAB4CB31EB1CE6200A6F9C4 /* WebKit.framework */; };
		AAAB4CD51EB248C400A6F9C4 /* Photos.framework in Frameworks */ = {isa = PBXBuildFile; fileRef = AAAB4CD41EB248C400A6F9C4 /* Photos.framework */; };
		AAAB4CD71EB248DF00A6F9C4 /* SystemConfiguration.framework in Frameworks */ = {isa = PBXBuildFile; fileRef = AAAB4CD61EB248DF00A6F9C4 /* SystemConfiguration.framework */; };
		AAAB4CD91EB2490E00A6F9C4 /* CoreMedia.framework in Frameworks */ = {isa = PBXBuildFile; fileRef = AAAB4CD81EB2490E00A6F9C4 /* CoreMedia.framework */; };
		AAAB4CDB1EB2498C00A6F9C4 /* MobileCoreServices.framework in Frameworks */ = {isa = PBXBuildFile; fileRef = AAAB4CDA1EB2498C00A6F9C4 /* MobileCoreServices.framework */; };
		CFB264BB84A27A857AC5C77B /* libPods-JSBridgeDemo.a in Frameworks */ = {isa = PBXBuildFile; fileRef = 07E0E8CBBC18DCC93A69D83F /* libPods-JSBridgeDemo.a */; };
/* End PBXBuildFile section */

/* Begin PBXFileReference section */
		07E0E8CBBC18DCC93A69D83F /* libPods-JSBridgeDemo.a */ = {isa = PBXFileReference; explicitFileType = archive.ar; includeInIndex = 0; path = "libPods-JSBridgeDemo.a"; sourceTree = BUILT_PRODUCTS_DIR; };
		22495AE71F30605100E77FF8 /* LoginOutViewController.h */ = {isa = PBXFileReference; fileEncoding = 4; lastKnownFileType = sourcecode.c.h; path = LoginOutViewController.h; sourceTree = "<group>"; };
		22495AE81F30605100E77FF8 /* LoginOutViewController.m */ = {isa = PBXFileReference; fileEncoding = 4; lastKnownFileType = sourcecode.c.objc; path = LoginOutViewController.m; sourceTree = "<group>"; };
		22495AE91F30605100E77FF8 /* LoginOutViewController.xib */ = {isa = PBXFileReference; fileEncoding = 4; lastKnownFileType = file.xib; path = LoginOutViewController.xib; sourceTree = "<group>"; };
		22495AEC1F30658600E77FF8 /* UIDevice+tools.h */ = {isa = PBXFileReference; fileEncoding = 4; lastKnownFileType = sourcecode.c.h; path = "UIDevice+tools.h"; sourceTree = "<group>"; };
		22495AED1F30658600E77FF8 /* UIDevice+tools.m */ = {isa = PBXFileReference; fileEncoding = 4; lastKnownFileType = sourcecode.c.objc; path = "UIDevice+tools.m"; sourceTree = "<group>"; };
		472B4535299571382F67F771 /* Pods-JSBridgeDemo.debug.xcconfig */ = {isa = PBXFileReference; includeInIndex = 1; lastKnownFileType = text.xcconfig; name = "Pods-JSBridgeDemo.debug.xcconfig"; path = "Pods/Target Support Files/Pods-JSBridgeDemo/Pods-JSBridgeDemo.debug.xcconfig"; sourceTree = "<group>"; };
		4F38A4D01F3DA57300001F46 /* GMSystemAuthorizationTool.h */ = {isa = PBXFileReference; fileEncoding = 4; lastKnownFileType = sourcecode.c.h; path = GMSystemAuthorizationTool.h; sourceTree = "<group>"; };
		4F38A4D11F3DA57300001F46 /* GMSystemAuthorizationTool.m */ = {isa = PBXFileReference; fileEncoding = 4; lastKnownFileType = sourcecode.c.objc; path = GMSystemAuthorizationTool.m; sourceTree = "<group>"; };
		4F38A4D21F3DA57300001F46 /* LocationTools.h */ = {isa = PBXFileReference; fileEncoding = 4; lastKnownFileType = sourcecode.c.h; path = LocationTools.h; sourceTree = "<group>"; };
		4F38A4D31F3DA57300001F46 /* LocationTools.m */ = {isa = PBXFileReference; fileEncoding = 4; lastKnownFileType = sourcecode.c.objc; path = LocationTools.m; sourceTree = "<group>"; };
		4F38A4D41F3DA57300001F46 /* MYFDefines.h */ = {isa = PBXFileReference; fileEncoding = 4; lastKnownFileType = sourcecode.c.h; path = MYFDefines.h; sourceTree = "<group>"; };
		4F38A4D61F3DA57300001F46 /* SXAddressBookDefine.h */ = {isa = PBXFileReference; fileEncoding = 4; lastKnownFileType = sourcecode.c.h; path = SXAddressBookDefine.h; sourceTree = "<group>"; };
		4F38A4D71F3DA57300001F46 /* SXAddressBookDefine.m */ = {isa = PBXFileReference; fileEncoding = 4; lastKnownFileType = sourcecode.c.objc; path = SXAddressBookDefine.m; sourceTree = "<group>"; };
		4F38A4D81F3DA57300001F46 /* SXAddressBookIOS7Maneger.h */ = {isa = PBXFileReference; fileEncoding = 4; lastKnownFileType = sourcecode.c.h; path = SXAddressBookIOS7Maneger.h; sourceTree = "<group>"; };
		4F38A4D91F3DA57300001F46 /* SXAddressBookIOS7Maneger.m */ = {isa = PBXFileReference; fileEncoding = 4; lastKnownFileType = sourcecode.c.objc; path = SXAddressBookIOS7Maneger.m; sourceTree = "<group>"; };
		4F38A4DA1F3DA57300001F46 /* SXAddressBookIOS8Maneger.h */ = {isa = PBXFileReference; fileEncoding = 4; lastKnownFileType = sourcecode.c.h; path = SXAddressBookIOS8Maneger.h; sourceTree = "<group>"; };
		4F38A4DB1F3DA57300001F46 /* SXAddressBookIOS8Maneger.m */ = {isa = PBXFileReference; fileEncoding = 4; lastKnownFileType = sourcecode.c.objc; path = SXAddressBookIOS8Maneger.m; sourceTree = "<group>"; };
		4F38A4DC1F3DA57300001F46 /* SXAddressBookIOS9Maneger.h */ = {isa = PBXFileReference; fileEncoding = 4; lastKnownFileType = sourcecode.c.h; path = SXAddressBookIOS9Maneger.h; sourceTree = "<group>"; };
		4F38A4DD1F3DA57300001F46 /* SXAddressBookIOS9Maneger.m */ = {isa = PBXFileReference; fileEncoding = 4; lastKnownFileType = sourcecode.c.objc; path = SXAddressBookIOS9Maneger.m; sourceTree = "<group>"; };
		4F38A4DE1F3DA57300001F46 /* SXAddressBookManager.h */ = {isa = PBXFileReference; fileEncoding = 4; lastKnownFileType = sourcecode.c.h; path = SXAddressBookManager.h; sourceTree = "<group>"; };
		4F38A4DF1F3DA57300001F46 /* SXAddressBookManager.m */ = {isa = PBXFileReference; fileEncoding = 4; lastKnownFileType = sourcecode.c.objc; path = SXAddressBookManager.m; sourceTree = "<group>"; };
		4F38A4E01F3DA57300001F46 /* SXPersonInfoEntity.h */ = {isa = PBXFileReference; fileEncoding = 4; lastKnownFileType = sourcecode.c.h; path = SXPersonInfoEntity.h; sourceTree = "<group>"; };
		4F38A4E11F3DA57300001F46 /* SXPersonInfoEntity.m */ = {isa = PBXFileReference; fileEncoding = 4; lastKnownFileType = sourcecode.c.objc; path = SXPersonInfoEntity.m; sourceTree = "<group>"; };
		4F38A4E21F3DA57300001F46 /* TQBJSBridgeHelper.h */ = {isa = PBXFileReference; fileEncoding = 4; lastKnownFileType = sourcecode.c.h; path = TQBJSBridgeHelper.h; sourceTree = "<group>"; };
		4F38A4E31F3DA57300001F46 /* TQBJSBridgeHelper.m */ = {isa = PBXFileReference; fileEncoding = 4; lastKnownFileType = sourcecode.c.objc; path = TQBJSBridgeHelper.m; sourceTree = "<group>"; };
		4F38A4E41F3DA57300001F46 /* TQBPreviewController.h */ = {isa = PBXFileReference; fileEncoding = 4; lastKnownFileType = sourcecode.c.h; path = TQBPreviewController.h; sourceTree = "<group>"; };
		4F38A4E51F3DA57300001F46 /* TQBPreviewController.m */ = {isa = PBXFileReference; fileEncoding = 4; lastKnownFileType = sourcecode.c.objc; path = TQBPreviewController.m; sourceTree = "<group>"; };
		4F38A4E61F3DA57300001F46 /* UIImage+Rotate.h */ = {isa = PBXFileReference; fileEncoding = 4; lastKnownFileType = sourcecode.c.h; path = "UIImage+Rotate.h"; sourceTree = "<group>"; };
		4F38A4E71F3DA57300001F46 /* UIImage+Rotate.m */ = {isa = PBXFileReference; fileEncoding = 4; lastKnownFileType = sourcecode.c.objc; path = "UIImage+Rotate.m"; sourceTree = "<group>"; };
		4F38A4E91F3DA57300001F46 /* WebViewJavascriptBridge.h */ = {isa = PBXFileReference; fileEncoding = 4; lastKnownFileType = sourcecode.c.h; path = WebViewJavascriptBridge.h; sourceTree = "<group>"; };
		4F38A4EA1F3DA57300001F46 /* WebViewJavascriptBridge.m */ = {isa = PBXFileReference; fileEncoding = 4; lastKnownFileType = sourcecode.c.objc; path = WebViewJavascriptBridge.m; sourceTree = "<group>"; };
		4F38A4EB1F3DA57300001F46 /* WebViewJavascriptBridge_JS.h */ = {isa = PBXFileReference; fileEncoding = 4; lastKnownFileType = sourcecode.c.h; path = WebViewJavascriptBridge_JS.h; sourceTree = "<group>"; };
		4F38A4EC1F3DA57300001F46 /* WebViewJavascriptBridge_JS.m */ = {isa = PBXFileReference; fileEncoding = 4; lastKnownFileType = sourcecode.c.objc; path = WebViewJavascriptBridge_JS.m; sourceTree = "<group>"; };
		4F38A4ED1F3DA57300001F46 /* WebViewJavascriptBridgeBase.h */ = {isa = PBXFileReference; fileEncoding = 4; lastKnownFileType = sourcecode.c.h; path = WebViewJavascriptBridgeBase.h; sourceTree = "<group>"; };
		4F38A4EE1F3DA57300001F46 /* WebViewJavascriptBridgeBase.m */ = {isa = PBXFileReference; fileEncoding = 4; lastKnownFileType = sourcecode.c.objc; path = WebViewJavascriptBridgeBase.m; sourceTree = "<group>"; };
		4F38A4EF1F3DA57300001F46 /* WKWebViewJavascriptBridge.h */ = {isa = PBXFileReference; fileEncoding = 4; lastKnownFileType = sourcecode.c.h; path = WKWebViewJavascriptBridge.h; sourceTree = "<group>"; };
		4F38A4F01F3DA57300001F46 /* WKWebViewJavascriptBridge.m */ = {isa = PBXFileReference; fileEncoding = 4; lastKnownFileType = sourcecode.c.objc; path = WKWebViewJavascriptBridge.m; sourceTree = "<group>"; };
		4F38A5031F3DAA4100001F46 /* BaseToWebViewController.h */ = {isa = PBXFileReference; fileEncoding = 4; lastKnownFileType = sourcecode.c.h; path = BaseToWebViewController.h; sourceTree = "<group>"; };
		4F38A5041F3DAA4100001F46 /* BaseToWebViewController.m */ = {isa = PBXFileReference; fileEncoding = 4; lastKnownFileType = sourcecode.c.objc; path = BaseToWebViewController.m; sourceTree = "<group>"; };
		4F38A5071F3DAADB00001F46 /* LICENSE */ = {isa = PBXFileReference; fileEncoding = 4; lastKnownFileType = text; path = LICENSE; sourceTree = "<group>"; };
		4F38A5081F3DAADB00001F46 /* README.md */ = {isa = PBXFileReference; fileEncoding = 4; lastKnownFileType = net.daringfireball.markdown; path = README.md; sourceTree = "<group>"; };
		4F38A50B1F3DAADB00001F46 /* de */ = {isa = PBXFileReference; lastKnownFileType = text.plist.strings; name = de; path = de.lproj/TOWebViewControllerLocalizable.strings; sourceTree = "<group>"; };
		4F38A50C1F3DAADB00001F46 /* en */ = {isa = PBXFileReference; lastKnownFileType = text.plist.strings; name = en; path = en.lproj/TOWebViewControllerLocalizable.strings; sourceTree = "<group>"; };
		4F38A50D1F3DAADB00001F46 /* es */ = {isa = PBXFileReference; lastKnownFileType = text.plist.strings; name = es; path = es.lproj/TOWebViewControllerLocalizable.strings; sourceTree = "<group>"; };
		4F38A50E1F3DAADB00001F46 /* fr */ = {isa = PBXFileReference; lastKnownFileType = text.plist.strings; name = fr; path = fr.lproj/TOWebViewControllerLocalizable.strings; sourceTree = "<group>"; };
		4F38A50F1F3DAADB00001F46 /* it */ = {isa = PBXFileReference; lastKnownFileType = text.plist.strings; name = it; path = it.lproj/TOWebViewControllerLocalizable.strings; sourceTree = "<group>"; };
		4F38A5101F3DAADB00001F46 /* ja */ = {isa = PBXFileReference; lastKnownFileType = text.plist.strings; name = ja; path = ja.lproj/TOWebViewControllerLocalizable.strings; sourceTree = "<group>"; };
		4F38A5111F3DAADB00001F46 /* ko */ = {isa = PBXFileReference; lastKnownFileType = text.plist.strings; name = ko; path = ko.lproj/TOWebViewControllerLocalizable.strings; sourceTree = "<group>"; };
		4F38A5131F3DAADB00001F46 /* NJKWebViewProgress.h */ = {isa = PBXFileReference; fileEncoding = 4; lastKnownFileType = sourcecode.c.h; path = NJKWebViewProgress.h; sourceTree = "<group>"; };
		4F38A5141F3DAADB00001F46 /* NJKWebViewProgress.m */ = {isa = PBXFileReference; fileEncoding = 4; lastKnownFileType = sourcecode.c.objc; path = NJKWebViewProgress.m; sourceTree = "<group>"; };
		4F38A5151F3DAADB00001F46 /* NJKWebViewProgressView.h */ = {isa = PBXFileReference; fileEncoding = 4; lastKnownFileType = sourcecode.c.h; path = NJKWebViewProgressView.h; sourceTree = "<group>"; };
		4F38A5161F3DAADB00001F46 /* NJKWebViewProgressView.m */ = {isa = PBXFileReference; fileEncoding = 4; lastKnownFileType = sourcecode.c.objc; path = NJKWebViewProgressView.m; sourceTree = "<group>"; };
		4F38A5171F3DAADB00001F46 /* pl */ = {isa = PBXFileReference; lastKnownFileType = text.plist.strings; name = pl; path = pl.lproj/TOWebViewControllerLocalizable.strings; sourceTree = "<group>"; };
		4F38A5181F3DAADB00001F46 /* ru */ = {isa = PBXFileReference; lastKnownFileType = text.plist.strings; name = ru; path = ru.lproj/TOWebViewControllerLocalizable.strings; sourceTree = "<group>"; };
		4F38A5191F3DAADB00001F46 /* TOActivityChrome.h */ = {isa = PBXFileReference; fileEncoding = 4; lastKnownFileType = sourcecode.c.h; path = TOActivityChrome.h; sourceTree = "<group>"; };
		4F38A51A1F3DAADB00001F46 /* TOActivityChrome.m */ = {isa = PBXFileReference; fileEncoding = 4; lastKnownFileType = sourcecode.c.objc; path = TOActivityChrome.m; sourceTree = "<group>"; };
		4F38A51B1F3DAADB00001F46 /* TOActivitySafari.h */ = {isa = PBXFileReference; fileEncoding = 4; lastKnownFileType = sourcecode.c.h; path = TOActivitySafari.h; sourceTree = "<group>"; };
		4F38A51C1F3DAADB00001F46 /* TOActivitySafari.m */ = {isa = PBXFileReference; fileEncoding = 4; lastKnownFileType = sourcecode.c.objc; path = TOActivitySafari.m; sourceTree = "<group>"; };
		4F38A51D1F3DAADB00001F46 /* TOWebViewController.h */ = {isa = PBXFileReference; fileEncoding = 4; lastKnownFileType = sourcecode.c.h; path = TOWebViewController.h; sourceTree = "<group>"; };
		4F38A51E1F3DAADB00001F46 /* TOWebViewController.m */ = {isa = PBXFileReference; fileEncoding = 4; lastKnownFileType = sourcecode.c.objc; path = TOWebViewController.m; sourceTree = "<group>"; };
		4F38A51F1F3DAADB00001F46 /* UIImage+TOWebViewControllerIcons.h */ = {isa = PBXFileReference; fileEncoding = 4; lastKnownFileType = sourcecode.c.h; path = "UIImage+TOWebViewControllerIcons.h"; sourceTree = "<group>"; };
		4F38A5201F3DAADB00001F46 /* UIImage+TOWebViewControllerIcons.m */ = {isa = PBXFileReference; fileEncoding = 4; lastKnownFileType = sourcecode.c.objc; path = "UIImage+TOWebViewControllerIcons.m"; sourceTree = "<group>"; };
		4F38A5211F3DAADB00001F46 /* uk */ = {isa = PBXFileReference; lastKnownFileType = text.plist.strings; name = uk; path = uk.lproj/TOWebViewControllerLocalizable.strings; sourceTree = "<group>"; };
		4F38A5221F3DAADB00001F46 /* zh-Hans */ = {isa = PBXFileReference; lastKnownFileType = text.plist.strings; name = "zh-Hans"; path = "zh-Hans.lproj/TOWebViewControllerLocalizable.strings"; sourceTree = "<group>"; };
		4F38A5231F3DAADB00001F46 /* zh-Hant */ = {isa = PBXFileReference; lastKnownFileType = text.plist.strings; name = "zh-Hant"; path = "zh-Hant.lproj/TOWebViewControllerLocalizable.strings"; sourceTree = "<group>"; };
		4F38A5311F3DB75200001F46 /* LICENSE */ = {isa = PBXFileReference; fileEncoding = 4; lastKnownFileType = text; path = LICENSE; sourceTree = "<group>"; };
		4F38A5321F3DB75200001F46 /* README.md */ = {isa = PBXFileReference; fileEncoding = 4; lastKnownFileType = net.daringfireball.markdown; path = README.md; sourceTree = "<group>"; };
		4F38A5331F3DB75200001F46 /* UIActionSheet+Blocks.h */ = {isa = PBXFileReference; fileEncoding = 4; lastKnownFileType = sourcecode.c.h; path = "UIActionSheet+Blocks.h"; sourceTree = "<group>"; };
		4F38A5341F3DB75200001F46 /* UIActionSheet+Blocks.m */ = {isa = PBXFileReference; fileEncoding = 4; lastKnownFileType = sourcecode.c.objc; path = "UIActionSheet+Blocks.m"; sourceTree = "<group>"; };
		4F38A5361F3DB75200001F46 /* LICENSE */ = {isa = PBXFileReference; fileEncoding = 4; lastKnownFileType = text; path = LICENSE; sourceTree = "<group>"; };
		4F38A5371F3DB75200001F46 /* README.md */ = {isa = PBXFileReference; fileEncoding = 4; lastKnownFileType = net.daringfireball.markdown; path = README.md; sourceTree = "<group>"; };
		4F38A5381F3DB75200001F46 /* UIAlertController+Blocks.h */ = {isa = PBXFileReference; fileEncoding = 4; lastKnownFileType = sourcecode.c.h; path = "UIAlertController+Blocks.h"; sourceTree = "<group>"; };
		4F38A5391F3DB75200001F46 /* UIAlertController+Blocks.m */ = {isa = PBXFileReference; fileEncoding = 4; lastKnownFileType = sourcecode.c.objc; path = "UIAlertController+Blocks.m"; sourceTree = "<group>"; };
		4F38A53B1F3DB75200001F46 /* LICENSE */ = {isa = PBXFileReference; fileEncoding = 4; lastKnownFileType = text; path = LICENSE; sourceTree = "<group>"; };
		4F38A53C1F3DB75200001F46 /* README.md */ = {isa = PBXFileReference; fileEncoding = 4; lastKnownFileType = net.daringfireball.markdown; path = README.md; sourceTree = "<group>"; };
		4F38A53D1F3DB75200001F46 /* UIAlertView+Blocks.h */ = {isa = PBXFileReference; fileEncoding = 4; lastKnownFileType = sourcecode.c.h; path = "UIAlertView+Blocks.h"; sourceTree = "<group>"; };
		4F38A53E1F3DB75200001F46 /* UIAlertView+Blocks.m */ = {isa = PBXFileReference; fileEncoding = 4; lastKnownFileType = sourcecode.c.objc; path = "UIAlertView+Blocks.m"; sourceTree = "<group>"; };
		4F38A61A1F3DC12300001F46 /* UIButton+EasyExtend.h */ = {isa = PBXFileReference; fileEncoding = 4; lastKnownFileType = sourcecode.c.h; path = "UIButton+EasyExtend.h"; sourceTree = "<group>"; };
		4F38A61B1F3DC12300001F46 /* UIButton+EasyExtend.m */ = {isa = PBXFileReference; fileEncoding = 4; lastKnownFileType = sourcecode.c.objc; path = "UIButton+EasyExtend.m"; sourceTree = "<group>"; };
		4F8F4CA71F21E7770095D2DF /* nav_return@2x.png */ = {isa = PBXFileReference; lastKnownFileType = image.png; path = "nav_return@2x.png"; sourceTree = "<group>"; };
		4F8F4CA81F21E7770095D2DF /* nav_return@3x.png */ = {isa = PBXFileReference; lastKnownFileType = image.png; path = "nav_return@3x.png"; sourceTree = "<group>"; };
		AA9A06E71EC3133000C3B5EF /* ChooseComputing.plist */ = {isa = PBXFileReference; fileEncoding = 4; lastKnownFileType = text.plist.xml; path = ChooseComputing.plist; sourceTree = "<group>"; };
		AA9A06E81EC3133000C3B5EF /* SpecificPopulationCell.h */ = {isa = PBXFileReference; fileEncoding = 4; lastKnownFileType = sourcecode.c.h; path = SpecificPopulationCell.h; sourceTree = "<group>"; };
		AA9A06E91EC3133000C3B5EF /* SpecificPopulationCell.m */ = {isa = PBXFileReference; fileEncoding = 4; lastKnownFileType = sourcecode.c.objc; path = SpecificPopulationCell.m; sourceTree = "<group>"; };
		AA9A06EA1EC3133000C3B5EF /* TestViewController.h */ = {isa = PBXFileReference; fileEncoding = 4; lastKnownFileType = sourcecode.c.h; path = TestViewController.h; sourceTree = "<group>"; };
		AA9A06EB1EC3133000C3B5EF /* TestViewController.m */ = {isa = PBXFileReference; fileEncoding = 4; lastKnownFileType = sourcecode.c.objc; path = TestViewController.m; sourceTree = "<group>"; };
		AA9A06EF1EC3152500C3B5EF /* defines.h */ = {isa = PBXFileReference; lastKnownFileType = sourcecode.c.h; path = defines.h; sourceTree = "<group>"; };
		AA9A06F31EC31C8F00C3B5EF /* cashLoan_quota_image@2x.png */ = {isa = PBXFileReference; lastKnownFileType = image.png; path = "cashLoan_quota_image@2x.png"; sourceTree = "<group>"; };
		AA9A06F41EC31C8F00C3B5EF /* cashLoan_quota_image@3x.png */ = {isa = PBXFileReference; lastKnownFileType = image.png; path = "cashLoan_quota_image@3x.png"; sourceTree = "<group>"; };
		AA9A06F71EC31DE700C3B5EF /* FirstViewController.h */ = {isa = PBXFileReference; fileEncoding = 4; lastKnownFileType = sourcecode.c.h; path = FirstViewController.h; sourceTree = "<group>"; };
		AA9A06F81EC31DE700C3B5EF /* FirstViewController.m */ = {isa = PBXFileReference; fileEncoding = 4; lastKnownFileType = sourcecode.c.objc; path = FirstViewController.m; sourceTree = "<group>"; };
		AAAB4C961EB1CCCE00A6F9C4 /* JSBridgeDemo.app */ = {isa = PBXFileReference; explicitFileType = wrapper.application; includeInIndex = 0; path = JSBridgeDemo.app; sourceTree = BUILT_PRODUCTS_DIR; };
		AAAB4C9A1EB1CCCE00A6F9C4 /* main.m */ = {isa = PBXFileReference; lastKnownFileType = sourcecode.c.objc; path = main.m; sourceTree = "<group>"; };
		AAAB4C9C1EB1CCCE00A6F9C4 /* AppDelegate.h */ = {isa = PBXFileReference; lastKnownFileType = sourcecode.c.h; path = AppDelegate.h; sourceTree = "<group>"; };
		AAAB4C9D1EB1CCCE00A6F9C4 /* AppDelegate.m */ = {isa = PBXFileReference; lastKnownFileType = sourcecode.c.objc; path = AppDelegate.m; sourceTree = "<group>"; };
		AAAB4CA51EB1CCCE00A6F9C4 /* Assets.xcassets */ = {isa = PBXFileReference; lastKnownFileType = folder.assetcatalog; path = Assets.xcassets; sourceTree = "<group>"; };
		AAAB4CAA1EB1CCCE00A6F9C4 /* Info.plist */ = {isa = PBXFileReference; lastKnownFileType = text.plist.xml; path = Info.plist; sourceTree = "<group>"; };
		AAAB4CB01EB1CE0500A6F9C4 /* Default-568h@2x.png */ = {isa = PBXFileReference; lastKnownFileType = image.png; path = "Default-568h@2x.png"; sourceTree = "<group>"; };
		AAAB4CB31EB1CE6200A6F9C4 /* WebKit.framework */ = {isa = PBXFileReference; lastKnownFileType = wrapper.framework; name = WebKit.framework; path = System/Library/Frameworks/WebKit.framework; sourceTree = SDKROOT; };
		AAAB4CD41EB248C400A6F9C4 /* Photos.framework */ = {isa = PBXFileReference; lastKnownFileType = wrapper.framework; name = Photos.framework; path = System/Library/Frameworks/Photos.framework; sourceTree = SDKROOT; };
		AAAB4CD61EB248DF00A6F9C4 /* SystemConfiguration.framework */ = {isa = PBXFileReference; lastKnownFileType = wrapper.framework; name = SystemConfiguration.framework; path = System/Library/Frameworks/SystemConfiguration.framework; sourceTree = SDKROOT; };
		AAAB4CD81EB2490E00A6F9C4 /* CoreMedia.framework */ = {isa = PBXFileReference; lastKnownFileType = wrapper.framework; name = CoreMedia.framework; path = System/Library/Frameworks/CoreMedia.framework; sourceTree = SDKROOT; };
		AAAB4CDA1EB2498C00A6F9C4 /* MobileCoreServices.framework */ = {isa = PBXFileReference; lastKnownFileType = wrapper.framework; name = MobileCoreServices.framework; path = System/Library/Frameworks/MobileCoreServices.framework; sourceTree = SDKROOT; };
		FD60BD85FC5D6ECAFD802CFC /* Pods-JSBridgeDemo.release.xcconfig */ = {isa = PBXFileReference; includeInIndex = 1; lastKnownFileType = text.xcconfig; name = "Pods-JSBridgeDemo.release.xcconfig"; path = "Pods/Target Support Files/Pods-JSBridgeDemo/Pods-JSBridgeDemo.release.xcconfig"; sourceTree = "<group>"; };
/* End PBXFileReference section */

/* Begin PBXFrameworksBuildPhase section */
		AAAB4C931EB1CCCE00A6F9C4 /* Frameworks */ = {
			isa = PBXFrameworksBuildPhase;
			buildActionMask = 2147483647;
			files = (
				AAAB4CD71EB248DF00A6F9C4 /* SystemConfiguration.framework in Frameworks */,
				AAAB4CDB1EB2498C00A6F9C4 /* MobileCoreServices.framework in Frameworks */,
				AAAB4CD91EB2490E00A6F9C4 /* CoreMedia.framework in Frameworks */,
				AAAB4CD51EB248C400A6F9C4 /* Photos.framework in Frameworks */,
				AAAB4CB41EB1CE6200A6F9C4 /* WebKit.framework in Frameworks */,
				CFB264BB84A27A857AC5C77B /* libPods-JSBridgeDemo.a in Frameworks */,
			);
			runOnlyForDeploymentPostprocessing = 0;
		};
/* End PBXFrameworksBuildPhase section */

/* Begin PBXGroup section */
		4F38A4CF1F3DA57300001F46 /* TQBJSBridgeHelper */ = {
			isa = PBXGroup;
			children = (
				4F38A4D01F3DA57300001F46 /* GMSystemAuthorizationTool.h */,
				4F38A4D11F3DA57300001F46 /* GMSystemAuthorizationTool.m */,
				4F38A4D21F3DA57300001F46 /* LocationTools.h */,
				4F38A4D31F3DA57300001F46 /* LocationTools.m */,
				4F38A4D41F3DA57300001F46 /* MYFDefines.h */,
				4F38A4D51F3DA57300001F46 /* SXAddressbook */,
				4F38A4E21F3DA57300001F46 /* TQBJSBridgeHelper.h */,
				4F38A4E31F3DA57300001F46 /* TQBJSBridgeHelper.m */,
				4F38A4E41F3DA57300001F46 /* TQBPreviewController.h */,
				4F38A4E51F3DA57300001F46 /* TQBPreviewController.m */,
				4F38A4E61F3DA57300001F46 /* UIImage+Rotate.h */,
				4F38A4E71F3DA57300001F46 /* UIImage+Rotate.m */,
			);
			path = TQBJSBridgeHelper;
			sourceTree = "<group>";
		};
		4F38A4D51F3DA57300001F46 /* SXAddressbook */ = {
			isa = PBXGroup;
			children = (
				4F38A4D61F3DA57300001F46 /* SXAddressBookDefine.h */,
				4F38A4D71F3DA57300001F46 /* SXAddressBookDefine.m */,
				4F38A4D81F3DA57300001F46 /* SXAddressBookIOS7Maneger.h */,
				4F38A4D91F3DA57300001F46 /* SXAddressBookIOS7Maneger.m */,
				4F38A4DA1F3DA57300001F46 /* SXAddressBookIOS8Maneger.h */,
				4F38A4DB1F3DA57300001F46 /* SXAddressBookIOS8Maneger.m */,
				4F38A4DC1F3DA57300001F46 /* SXAddressBookIOS9Maneger.h */,
				4F38A4DD1F3DA57300001F46 /* SXAddressBookIOS9Maneger.m */,
				4F38A4DE1F3DA57300001F46 /* SXAddressBookManager.h */,
				4F38A4DF1F3DA57300001F46 /* SXAddressBookManager.m */,
				4F38A4E01F3DA57300001F46 /* SXPersonInfoEntity.h */,
				4F38A4E11F3DA57300001F46 /* SXPersonInfoEntity.m */,
			);
			path = SXAddressbook;
			sourceTree = "<group>";
		};
		4F38A4E81F3DA57300001F46 /* WebViewJavascriptBridge */ = {
			isa = PBXGroup;
			children = (
				4F38A4E91F3DA57300001F46 /* WebViewJavascriptBridge.h */,
				4F38A4EA1F3DA57300001F46 /* WebViewJavascriptBridge.m */,
				4F38A4EB1F3DA57300001F46 /* WebViewJavascriptBridge_JS.h */,
				4F38A4EC1F3DA57300001F46 /* WebViewJavascriptBridge_JS.m */,
				4F38A4ED1F3DA57300001F46 /* WebViewJavascriptBridgeBase.h */,
				4F38A4EE1F3DA57300001F46 /* WebViewJavascriptBridgeBase.m */,
				4F38A4EF1F3DA57300001F46 /* WKWebViewJavascriptBridge.h */,
				4F38A4F01F3DA57300001F46 /* WKWebViewJavascriptBridge.m */,
			);
			path = WebViewJavascriptBridge;
			sourceTree = "<group>";
		};
		4F38A5061F3DAADB00001F46 /* TOWebViewController */ = {
			isa = PBXGroup;
			children = (
				4F38A5071F3DAADB00001F46 /* LICENSE */,
				4F38A5081F3DAADB00001F46 /* README.md */,
				4F38A5091F3DAADB00001F46 /* TOWebViewController */,
			);
			path = TOWebViewController;
			sourceTree = "<group>";
		};
		4F38A5091F3DAADB00001F46 /* TOWebViewController */ = {
			isa = PBXGroup;
			children = (
				4F38A50A1F3DAADB00001F46 /* TOWebViewControllerLocalizable.strings */,
				4F38A5121F3DAADB00001F46 /* NJKWebViewProgress */,
				4F38A5191F3DAADB00001F46 /* TOActivityChrome.h */,
				4F38A51A1F3DAADB00001F46 /* TOActivityChrome.m */,
				4F38A51B1F3DAADB00001F46 /* TOActivitySafari.h */,
				4F38A51C1F3DAADB00001F46 /* TOActivitySafari.m */,
				4F38A51D1F3DAADB00001F46 /* TOWebViewController.h */,
				4F38A51E1F3DAADB00001F46 /* TOWebViewController.m */,
				4F38A51F1F3DAADB00001F46 /* UIImage+TOWebViewControllerIcons.h */,
				4F38A5201F3DAADB00001F46 /* UIImage+TOWebViewControllerIcons.m */,
			);
			path = TOWebViewController;
			sourceTree = "<group>";
		};
		4F38A5121F3DAADB00001F46 /* NJKWebViewProgress */ = {
			isa = PBXGroup;
			children = (
				4F38A5131F3DAADB00001F46 /* NJKWebViewProgress.h */,
				4F38A5141F3DAADB00001F46 /* NJKWebViewProgress.m */,
				4F38A5151F3DAADB00001F46 /* NJKWebViewProgressView.h */,
				4F38A5161F3DAADB00001F46 /* NJKWebViewProgressView.m */,
			);
			path = NJKWebViewProgress;
			sourceTree = "<group>";
		};
		4F38A5301F3DB75200001F46 /* UIActionSheet+Blocks */ = {
			isa = PBXGroup;
			children = (
				4F38A5311F3DB75200001F46 /* LICENSE */,
				4F38A5321F3DB75200001F46 /* README.md */,
				4F38A5331F3DB75200001F46 /* UIActionSheet+Blocks.h */,
				4F38A5341F3DB75200001F46 /* UIActionSheet+Blocks.m */,
			);
			path = "UIActionSheet+Blocks";
			sourceTree = "<group>";
		};
		4F38A5351F3DB75200001F46 /* UIAlertController+Blocks */ = {
			isa = PBXGroup;
			children = (
				4F38A5361F3DB75200001F46 /* LICENSE */,
				4F38A5371F3DB75200001F46 /* README.md */,
				4F38A5381F3DB75200001F46 /* UIAlertController+Blocks.h */,
				4F38A5391F3DB75200001F46 /* UIAlertController+Blocks.m */,
			);
			path = "UIAlertController+Blocks";
			sourceTree = "<group>";
		};
		4F38A53A1F3DB75200001F46 /* UIAlertView+Blocks */ = {
			isa = PBXGroup;
			children = (
				4F38A53B1F3DB75200001F46 /* LICENSE */,
				4F38A53C1F3DB75200001F46 /* README.md */,
				4F38A53D1F3DB75200001F46 /* UIAlertView+Blocks.h */,
				4F38A53E1F3DB75200001F46 /* UIAlertView+Blocks.m */,
			);
			path = "UIAlertView+Blocks";
			sourceTree = "<group>";
		};
		AA9A06E61EC3133000C3B5EF /* ChooseEnvironment */ = {
			isa = PBXGroup;
			children = (
				4F38A61A1F3DC12300001F46 /* UIButton+EasyExtend.h */,
				4F38A61B1F3DC12300001F46 /* UIButton+EasyExtend.m */,
				4F38A5031F3DAA4100001F46 /* BaseToWebViewController.h */,
				4F38A5041F3DAA4100001F46 /* BaseToWebViewController.m */,
				4F8F4CA71F21E7770095D2DF /* nav_return@2x.png */,
				4F8F4CA81F21E7770095D2DF /* nav_return@3x.png */,
				AA9A06E71EC3133000C3B5EF /* ChooseComputing.plist */,
				AA9A06E81EC3133000C3B5EF /* SpecificPopulationCell.h */,
				AA9A06E91EC3133000C3B5EF /* SpecificPopulationCell.m */,
				AA9A06EA1EC3133000C3B5EF /* TestViewController.h */,
				AA9A06EB1EC3133000C3B5EF /* TestViewController.m */,
			);
			path = ChooseEnvironment;
			sourceTree = "<group>";
		};
		AAAB4C8D1EB1CCCE00A6F9C4 = {
			isa = PBXGroup;
			children = (
				AAAB4C981EB1CCCE00A6F9C4 /* JSBridgeDemo */,
				AAAB4C971EB1CCCE00A6F9C4 /* Products */,
				AAAB4CB21EB1CE6200A6F9C4 /* Frameworks */,
				F3F317004CD64B5FD5A8E13D /* Pods */,
			);
			sourceTree = "<group>";
		};
		AAAB4C971EB1CCCE00A6F9C4 /* Products */ = {
			isa = PBXGroup;
			children = (
				AAAB4C961EB1CCCE00A6F9C4 /* JSBridgeDemo.app */,
			);
			name = Products;
			sourceTree = "<group>";
		};
		AAAB4C981EB1CCCE00A6F9C4 /* JSBridgeDemo */ = {
			isa = PBXGroup;
			children = (
				4F38A5301F3DB75200001F46 /* UIActionSheet+Blocks */,
				4F38A5351F3DB75200001F46 /* UIAlertController+Blocks */,
				4F38A53A1F3DB75200001F46 /* UIAlertView+Blocks */,
				4F38A5061F3DAADB00001F46 /* TOWebViewController */,
				4F38A4CF1F3DA57300001F46 /* TQBJSBridgeHelper */,
				4F38A4E81F3DA57300001F46 /* WebViewJavascriptBridge */,
				AA9A06E61EC3133000C3B5EF /* ChooseEnvironment */,
				AA9A06F31EC31C8F00C3B5EF /* cashLoan_quota_image@2x.png */,
				AA9A06F41EC31C8F00C3B5EF /* cashLoan_quota_image@3x.png */,
				AAAB4C9C1EB1CCCE00A6F9C4 /* AppDelegate.h */,
				AAAB4C9D1EB1CCCE00A6F9C4 /* AppDelegate.m */,
				AA9A06F71EC31DE700C3B5EF /* FirstViewController.h */,
				AA9A06F81EC31DE700C3B5EF /* FirstViewController.m */,
				22495AEC1F30658600E77FF8 /* UIDevice+tools.h */,
				22495AED1F30658600E77FF8 /* UIDevice+tools.m */,
				22495AE71F30605100E77FF8 /* LoginOutViewController.h */,
				22495AE81F30605100E77FF8 /* LoginOutViewController.m */,
				22495AE91F30605100E77FF8 /* LoginOutViewController.xib */,
				AA9A06EF1EC3152500C3B5EF /* defines.h */,
				AAAB4CB01EB1CE0500A6F9C4 /* Default-568h@2x.png */,
				AAAB4CA51EB1CCCE00A6F9C4 /* Assets.xcassets */,
				AAAB4CAA1EB1CCCE00A6F9C4 /* Info.plist */,
				AAAB4C991EB1CCCE00A6F9C4 /* Supporting Files */,
			);
			path = JSBridgeDemo;
			sourceTree = "<group>";
		};
		AAAB4C991EB1CCCE00A6F9C4 /* Supporting Files */ = {
			isa = PBXGroup;
			children = (
				AAAB4C9A1EB1CCCE00A6F9C4 /* main.m */,
			);
			name = "Supporting Files";
			sourceTree = "<group>";
		};
		AAAB4CB21EB1CE6200A6F9C4 /* Frameworks */ = {
			isa = PBXGroup;
			children = (
				AAAB4CDA1EB2498C00A6F9C4 /* MobileCoreServices.framework */,
				AAAB4CD81EB2490E00A6F9C4 /* CoreMedia.framework */,
				AAAB4CD61EB248DF00A6F9C4 /* SystemConfiguration.framework */,
				AAAB4CD41EB248C400A6F9C4 /* Photos.framework */,
				AAAB4CB31EB1CE6200A6F9C4 /* WebKit.framework */,
				07E0E8CBBC18DCC93A69D83F /* libPods-JSBridgeDemo.a */,
			);
			name = Frameworks;
			sourceTree = "<group>";
		};
		F3F317004CD64B5FD5A8E13D /* Pods */ = {
			isa = PBXGroup;
			children = (
				472B4535299571382F67F771 /* Pods-JSBridgeDemo.debug.xcconfig */,
				FD60BD85FC5D6ECAFD802CFC /* Pods-JSBridgeDemo.release.xcconfig */,
			);
			name = Pods;
			sourceTree = "<group>";
		};
/* End PBXGroup section */

/* Begin PBXNativeTarget section */
		AAAB4C951EB1CCCE00A6F9C4 /* JSBridgeDemo */ = {
			isa = PBXNativeTarget;
			buildConfigurationList = AAAB4CAD1EB1CCCE00A6F9C4 /* Build configuration list for PBXNativeTarget "JSBridgeDemo" */;
			buildPhases = (
				B753FB7AB3F3A24BCF31F7CB /* [CP] Check Pods Manifest.lock */,
				AAAB4C921EB1CCCE00A6F9C4 /* Sources */,
				AAAB4C931EB1CCCE00A6F9C4 /* Frameworks */,
				AAAB4C941EB1CCCE00A6F9C4 /* Resources */,
				629ECB317812020D1C01AC12 /* [CP] Embed Pods Frameworks */,
				C0444C62F9E44F4D2C1AFED0 /* [CP] Copy Pods Resources */,
			);
			buildRules = (
			);
			dependencies = (
			);
			name = JSBridgeDemo;
			productName = JSBridgeDemo;
			productReference = AAAB4C961EB1CCCE00A6F9C4 /* JSBridgeDemo.app */;
			productType = "com.apple.product-type.application";
		};
/* End PBXNativeTarget section */

/* Begin PBXProject section */
		AAAB4C8E1EB1CCCE00A6F9C4 /* Project object */ = {
			isa = PBXProject;
			attributes = {
				LastUpgradeCheck = 0830;
				ORGANIZATIONNAME = gomeguomingyue;
				TargetAttributes = {
					AAAB4C951EB1CCCE00A6F9C4 = {
						CreatedOnToolsVersion = 8.3.2;
						DevelopmentTeam = TGZ32BA6KS;
						ProvisioningStyle = Automatic;
					};
				};
			};
			buildConfigurationList = AAAB4C911EB1CCCE00A6F9C4 /* Build configuration list for PBXProject "JSBridgeDemo" */;
			compatibilityVersion = "Xcode 3.2";
			developmentRegion = English;
			hasScannedForEncodings = 0;
			knownRegions = (
				en,
				Base,
				de,
				es,
				fr,
				it,
				ja,
				ko,
				pl,
				ru,
				uk,
				"zh-Hans",
				"zh-Hant",
			);
			mainGroup = AAAB4C8D1EB1CCCE00A6F9C4;
			productRefGroup = AAAB4C971EB1CCCE00A6F9C4 /* Products */;
			projectDirPath = "";
			projectRoot = "";
			targets = (
				AAAB4C951EB1CCCE00A6F9C4 /* JSBridgeDemo */,
			);
		};
/* End PBXProject section */

/* Begin PBXResourcesBuildPhase section */
		AAAB4C941EB1CCCE00A6F9C4 /* Resources */ = {
			isa = PBXResourcesBuildPhase;
			buildActionMask = 2147483647;
			files = (
				AAAB4CA61EB1CCCE00A6F9C4 /* Assets.xcassets in Resources */,
				AA9A06F51EC31C8F00C3B5EF /* cashLoan_quota_image@2x.png in Resources */,
				4F38A5451F3DB75200001F46 /* LICENSE in Resources */,
				4F8F4CAA1F21E7770095D2DF /* nav_return@3x.png in Resources */,
				AAAB4CB11EB1CE0500A6F9C4 /* Default-568h@2x.png in Resources */,
				AA9A06F61EC31C8F00C3B5EF /* cashLoan_quota_image@3x.png in Resources */,
				4F38A53F1F3DB75200001F46 /* LICENSE in Resources */,
				4F38A5421F3DB75200001F46 /* LICENSE in Resources */,
				22495AEB1F30605100E77FF8 /* LoginOutViewController.xib in Resources */,
				4F38A5261F3DAADB00001F46 /* TOWebViewControllerLocalizable.strings in Resources */,
				4F38A5241F3DAADB00001F46 /* LICENSE in Resources */,
				AA9A06EC1EC3133000C3B5EF /* ChooseComputing.plist in Resources */,
				4F8F4CA91F21E7770095D2DF /* nav_return@2x.png in Resources */,
			);
			runOnlyForDeploymentPostprocessing = 0;
		};
/* End PBXResourcesBuildPhase section */

/* Begin PBXShellScriptBuildPhase section */
		629ECB317812020D1C01AC12 /* [CP] Embed Pods Frameworks */ = {
			isa = PBXShellScriptBuildPhase;
			buildActionMask = 2147483647;
			files = (
			);
			inputPaths = (
			);
			name = "[CP] Embed Pods Frameworks";
			outputPaths = (
			);
			runOnlyForDeploymentPostprocessing = 0;
			shellPath = /bin/sh;
			shellScript = "\"${SRCROOT}/Pods/Target Support Files/Pods-JSBridgeDemo/Pods-JSBridgeDemo-frameworks.sh\"\n";
			showEnvVarsInLog = 0;
		};
		B753FB7AB3F3A24BCF31F7CB /* [CP] Check Pods Manifest.lock */ = {
			isa = PBXShellScriptBuildPhase;
			buildActionMask = 2147483647;
			files = (
			);
			inputPaths = (
			);
			name = "[CP] Check Pods Manifest.lock";
			outputPaths = (
			);
			runOnlyForDeploymentPostprocessing = 0;
			shellPath = /bin/sh;
			shellScript = "diff \"${PODS_PODFILE_DIR_PATH}/Podfile.lock\" \"${PODS_ROOT}/Manifest.lock\" > /dev/null\nif [ $? != 0 ] ; then\n    # print error to STDERR\n    echo \"error: The sandbox is not in sync with the Podfile.lock. Run 'pod install' or update your CocoaPods installation.\" >&2\n    exit 1\nfi\n";
			showEnvVarsInLog = 0;
		};
		C0444C62F9E44F4D2C1AFED0 /* [CP] Copy Pods Resources */ = {
			isa = PBXShellScriptBuildPhase;
			buildActionMask = 2147483647;
			files = (
			);
			inputPaths = (
			);
			name = "[CP] Copy Pods Resources";
			outputPaths = (
			);
			runOnlyForDeploymentPostprocessing = 0;
			shellPath = /bin/sh;
			shellScript = "\"${SRCROOT}/Pods/Target Support Files/Pods-JSBridgeDemo/Pods-JSBridgeDemo-resources.sh\"\n";
			showEnvVarsInLog = 0;
		};
/* End PBXShellScriptBuildPhase section */

/* Begin PBXSourcesBuildPhase section */
		AAAB4C921EB1CCCE00A6F9C4 /* Sources */ = {
			isa = PBXSourcesBuildPhase;
			buildActionMask = 2147483647;
			files = (
				4F38A5441F3DB75200001F46 /* UIAlertController+Blocks.m in Sources */,
				4F38A4F41F3DA57300001F46 /* LocationTools.m in Sources */,
				4F38A4F81F3DA57300001F46 /* SXAddressBookIOS9Maneger.m in Sources */,
				4F38A4FC1F3DA57300001F46 /* TQBPreviewController.m in Sources */,
				4F38A52A1F3DAADB00001F46 /* TOActivitySafari.m in Sources */,
				4F38A5401F3DB75200001F46 /* README.md in Sources */,
				4F38A5011F3DA57300001F46 /* WKWebViewJavascriptBridge.m in Sources */,
				4F38A52B1F3DAADB00001F46 /* TOWebViewController.m in Sources */,
				4F38A4F51F3DA57300001F46 /* SXAddressBookDefine.m in Sources */,
				AAAB4C9E1EB1CCCE00A6F9C4 /* AppDelegate.m in Sources */,
				4F38A5431F3DB75200001F46 /* README.md in Sources */,
				4F38A5291F3DAADB00001F46 /* TOActivityChrome.m in Sources */,
				4F38A4F71F3DA57300001F46 /* SXAddressBookIOS8Maneger.m in Sources */,
				4F38A4FB1F3DA57300001F46 /* TQBJSBridgeHelper.m in Sources */,
				AAAB4C9B1EB1CCCE00A6F9C4 /* main.m in Sources */,
				4F38A5271F3DAADB00001F46 /* NJKWebViewProgress.m in Sources */,
				4F38A4FF1F3DA57300001F46 /* WebViewJavascriptBridge_JS.m in Sources */,
				4F38A61C1F3DC12300001F46 /* UIButton+EasyExtend.m in Sources */,
				4F38A5461F3DB75200001F46 /* README.md in Sources */,
				4F38A5411F3DB75200001F46 /* UIActionSheet+Blocks.m in Sources */,
				4F38A4F91F3DA57300001F46 /* SXAddressBookManager.m in Sources */,
				4F38A5251F3DAADB00001F46 /* README.md in Sources */,
				4F38A5471F3DB75200001F46 /* UIAlertView+Blocks.m in Sources */,
				4F38A4F31F3DA57300001F46 /* GMSystemAuthorizationTool.m in Sources */,
				AA9A06F91EC31DE700C3B5EF /* FirstViewController.m in Sources */,
				4F38A4FA1F3DA57300001F46 /* SXPersonInfoEntity.m in Sources */,
				4F38A5051F3DAA4100001F46 /* BaseToWebViewController.m in Sources */,
				4F38A5001F3DA57300001F46 /* WebViewJavascriptBridgeBase.m in Sources */,
				AA9A06ED1EC3133000C3B5EF /* SpecificPopulationCell.m in Sources */,
				4F38A4F61F3DA57300001F46 /* SXAddressBookIOS7Maneger.m in Sources */,
				AA9A06EE1EC3133000C3B5EF /* TestViewController.m in Sources */,
				22495AEA1F30605100E77FF8 /* LoginOutViewController.m in Sources */,
				4F38A52C1F3DAADB00001F46 /* UIImage+TOWebViewControllerIcons.m in Sources */,
				4F38A4FD1F3DA57300001F46 /* UIImage+Rotate.m in Sources */,
				4F38A4FE1F3DA57300001F46 /* WebViewJavascriptBridge.m in Sources */,
				4F38A5281F3DAADB00001F46 /* NJKWebViewProgressView.m in Sources */,
				22495AEE1F30658600E77FF8 /* UIDevice+tools.m in Sources */,
			);
			runOnlyForDeploymentPostprocessing = 0;
		};
/* End PBXSourcesBuildPhase section */

/* Begin PBXVariantGroup section */
		4F38A50A1F3DAADB00001F46 /* TOWebViewControllerLocalizable.strings */ = {
			isa = PBXVariantGroup;
			children = (
				4F38A50B1F3DAADB00001F46 /* de */,
				4F38A50C1F3DAADB00001F46 /* en */,
				4F38A50D1F3DAADB00001F46 /* es */,
				4F38A50E1F3DAADB00001F46 /* fr */,
				4F38A50F1F3DAADB00001F46 /* it */,
				4F38A5101F3DAADB00001F46 /* ja */,
				4F38A5111F3DAADB00001F46 /* ko */,
				4F38A5171F3DAADB00001F46 /* pl */,
				4F38A5181F3DAADB00001F46 /* ru */,
				4F38A5211F3DAADB00001F46 /* uk */,
				4F38A5221F3DAADB00001F46 /* zh-Hans */,
				4F38A5231F3DAADB00001F46 /* zh-Hant */,
			);
			name = TOWebViewControllerLocalizable.strings;
			sourceTree = "<group>";
		};
/* End PBXVariantGroup section */

/* Begin XCBuildConfiguration section */
		AAAB4CAB1EB1CCCE00A6F9C4 /* Debug */ = {
			isa = XCBuildConfiguration;
			buildSettings = {
				ALWAYS_SEARCH_USER_PATHS = NO;
				CLANG_ANALYZER_NONNULL = YES;
				CLANG_ANALYZER_NUMBER_OBJECT_CONVERSION = YES_AGGRESSIVE;
				CLANG_CXX_LANGUAGE_STANDARD = "gnu++0x";
				CLANG_CXX_LIBRARY = "libc++";
				CLANG_ENABLE_MODULES = YES;
				CLANG_ENABLE_OBJC_ARC = YES;
				CLANG_WARN_BOOL_CONVERSION = YES;
				CLANG_WARN_CONSTANT_CONVERSION = YES;
				CLANG_WARN_DIRECT_OBJC_ISA_USAGE = YES_ERROR;
				CLANG_WARN_DOCUMENTATION_COMMENTS = YES;
				CLANG_WARN_EMPTY_BODY = YES;
				CLANG_WARN_ENUM_CONVERSION = YES;
				CLANG_WARN_INFINITE_RECURSION = YES;
				CLANG_WARN_INT_CONVERSION = YES;
				CLANG_WARN_OBJC_ROOT_CLASS = YES_ERROR;
				CLANG_WARN_SUSPICIOUS_MOVE = YES;
				CLANG_WARN_UNREACHABLE_CODE = YES;
				CLANG_WARN__DUPLICATE_METHOD_MATCH = YES;
				"CODE_SIGN_IDENTITY[sdk=iphoneos*]" = "iPhone Developer";
				COPY_PHASE_STRIP = NO;
				DEBUG_INFORMATION_FORMAT = dwarf;
				ENABLE_STRICT_OBJC_MSGSEND = YES;
				ENABLE_TESTABILITY = YES;
				GCC_C_LANGUAGE_STANDARD = gnu99;
				GCC_DYNAMIC_NO_PIC = NO;
				GCC_NO_COMMON_BLOCKS = YES;
				GCC_OPTIMIZATION_LEVEL = 0;
				GCC_PREPROCESSOR_DEFINITIONS = (
					"DEBUG=1",
					"$(inherited)",
				);
				GCC_WARN_64_TO_32_BIT_CONVERSION = YES;
				GCC_WARN_ABOUT_RETURN_TYPE = YES_ERROR;
				GCC_WARN_UNDECLARED_SELECTOR = YES;
				GCC_WARN_UNINITIALIZED_AUTOS = YES_AGGRESSIVE;
				GCC_WARN_UNUSED_FUNCTION = YES;
				GCC_WARN_UNUSED_VARIABLE = YES;
				IPHONEOS_DEPLOYMENT_TARGET = 10.3;
				MTL_ENABLE_DEBUG_INFO = YES;
				ONLY_ACTIVE_ARCH = YES;
				SDKROOT = iphoneos;
				TARGETED_DEVICE_FAMILY = "1,2";
			};
			name = Debug;
		};
		AAAB4CAC1EB1CCCE00A6F9C4 /* Release */ = {
			isa = XCBuildConfiguration;
			buildSettings = {
				ALWAYS_SEARCH_USER_PATHS = NO;
				CLANG_ANALYZER_NONNULL = YES;
				CLANG_ANALYZER_NUMBER_OBJECT_CONVERSION = YES_AGGRESSIVE;
				CLANG_CXX_LANGUAGE_STANDARD = "gnu++0x";
				CLANG_CXX_LIBRARY = "libc++";
				CLANG_ENABLE_MODULES = YES;
				CLANG_ENABLE_OBJC_ARC = YES;
				CLANG_WARN_BOOL_CONVERSION = YES;
				CLANG_WARN_CONSTANT_CONVERSION = YES;
				CLANG_WARN_DIRECT_OBJC_ISA_USAGE = YES_ERROR;
				CLANG_WARN_DOCUMENTATION_COMMENTS = YES;
				CLANG_WARN_EMPTY_BODY = YES;
				CLANG_WARN_ENUM_CONVERSION = YES;
				CLANG_WARN_INFINITE_RECURSION = YES;
				CLANG_WARN_INT_CONVERSION = YES;
				CLANG_WARN_OBJC_ROOT_CLASS = YES_ERROR;
				CLANG_WARN_SUSPICIOUS_MOVE = YES;
				CLANG_WARN_UNREACHABLE_CODE = YES;
				CLANG_WARN__DUPLICATE_METHOD_MATCH = YES;
				"CODE_SIGN_IDENTITY[sdk=iphoneos*]" = "iPhone Developer";
				COPY_PHASE_STRIP = NO;
				DEBUG_INFORMATION_FORMAT = "dwarf-with-dsym";
				ENABLE_NS_ASSERTIONS = NO;
				ENABLE_STRICT_OBJC_MSGSEND = YES;
				GCC_C_LANGUAGE_STANDARD = gnu99;
				GCC_NO_COMMON_BLOCKS = YES;
				GCC_WARN_64_TO_32_BIT_CONVERSION = YES;
				GCC_WARN_ABOUT_RETURN_TYPE = YES_ERROR;
				GCC_WARN_UNDECLARED_SELECTOR = YES;
				GCC_WARN_UNINITIALIZED_AUTOS = YES_AGGRESSIVE;
				GCC_WARN_UNUSED_FUNCTION = YES;
				GCC_WARN_UNUSED_VARIABLE = YES;
				IPHONEOS_DEPLOYMENT_TARGET = 10.3;
				MTL_ENABLE_DEBUG_INFO = NO;
				SDKROOT = iphoneos;
				TARGETED_DEVICE_FAMILY = "1,2";
				VALIDATE_PRODUCT = YES;
			};
			name = Release;
		};
		AAAB4CAE1EB1CCCE00A6F9C4 /* Debug */ = {
			isa = XCBuildConfiguration;
			baseConfigurationReference = 472B4535299571382F67F771 /* Pods-JSBridgeDemo.debug.xcconfig */;
			buildSettings = {
				ASSETCATALOG_COMPILER_APPICON_NAME = AppIcon;
				"CODE_SIGN_IDENTITY[sdk=iphoneos*]" = "iPhone Developer";
				DEVELOPMENT_TEAM = TGZ32BA6KS;
				INFOPLIST_FILE = JSBridgeDemo/Info.plist;
				IPHONEOS_DEPLOYMENT_TARGET = 8.0;
				LD_RUNPATH_SEARCH_PATHS = "$(inherited) @executable_path/Frameworks";
				LIBRARY_SEARCH_PATHS = (
					"$(inherited)",
					"$(PROJECT_DIR)/JSBridgeDemo/commons/FACE++/MGBaseKit/Libs",
					"$(PROJECT_DIR)/JSBridgeDemo/commons/FACE++/MGIDCard/MGIDCardSDK",
					"$(PROJECT_DIR)/JSBridgeDemo/commons/FACE++/MGLivenes/FaceSdk",
				);
				PRODUCT_BUNDLE_IDENTIFIER = com.gomejr.myfv2;
				PRODUCT_NAME = "$(TARGET_NAME)";
				PROVISIONING_PROFILE = "";
				PROVISIONING_PROFILE_SPECIFIER = "";
			};
			name = Debug;
		};
		AAAB4CAF1EB1CCCE00A6F9C4 /* Release */ = {
			isa = XCBuildConfiguration;
			baseConfigurationReference = FD60BD85FC5D6ECAFD802CFC /* Pods-JSBridgeDemo.release.xcconfig */;
			buildSettings = {
				ASSETCATALOG_COMPILER_APPICON_NAME = AppIcon;
				"CODE_SIGN_IDENTITY[sdk=iphoneos*]" = "iPhone Developer";
				DEVELOPMENT_TEAM = TGZ32BA6KS;
				INFOPLIST_FILE = JSBridgeDemo/Info.plist;
				IPHONEOS_DEPLOYMENT_TARGET = 8.0;
				LD_RUNPATH_SEARCH_PATHS = "$(inherited) @executable_path/Frameworks";
				LIBRARY_SEARCH_PATHS = (
					"$(inherited)",
					"$(PROJECT_DIR)/JSBridgeDemo/commons/FACE++/MGBaseKit/Libs",
					"$(PROJECT_DIR)/JSBridgeDemo/commons/FACE++/MGIDCard/MGIDCardSDK",
					"$(PROJECT_DIR)/JSBridgeDemo/commons/FACE++/MGLivenes/FaceSdk",
				);
				PRODUCT_BUNDLE_IDENTIFIER = com.gomejr.myfv2;
				PRODUCT_NAME = "$(TARGET_NAME)";
				PROVISIONING_PROFILE_SPECIFIER = "";
			};
			name = Release;
		};
/* End XCBuildConfiguration section */

/* Begin XCConfigurationList section */
		AAAB4C911EB1CCCE00A6F9C4 /* Build configuration list for PBXProject "JSBridgeDemo" */ = {
			isa = XCConfigurationList;
			buildConfigurations = (
				AAAB4CAB1EB1CCCE00A6F9C4 /* Debug */,
				AAAB4CAC1EB1CCCE00A6F9C4 /* Release */,
			);
			defaultConfigurationIsVisible = 0;
			defaultConfigurationName = Release;
		};
		AAAB4CAD1EB1CCCE00A6F9C4 /* Build configuration list for PBXNativeTarget "JSBridgeDemo" */ = {
			isa = XCConfigurationList;
			buildConfigurations = (
				AAAB4CAE1EB1CCCE00A6F9C4 /* Debug */,
				AAAB4CAF1EB1CCCE00A6F9C4 /* Release */,
			);
			defaultConfigurationIsVisible = 0;
			defaultConfigurationName = Release;
		};
/* End XCConfigurationList section */
	};
	rootObject = AAAB4C8E1EB1CCCE00A6F9C4 /* Project object */;
}
